{
  "name": "node-x11",
  "version": "1.1.0",
  "lockfileVersion": 1,
  "requires": true,
  "dependencies": {
    "bindings": {
      "version": "1.5.0",
      "resolved": "https://artifactory-cwfr1.rd.francetelecom.fr:443/artifactory/api/npm/npm-virt-orange-project-devops/bindings/-/bindings-1.5.0.tgz",
      "integrity": "sha1-EDU8npRTNLwFEabZCzj7x8nFBN8=",
      "requires": {
        "file-uri-to-path": "1.0.0"
      }
    },
    "file-uri-to-path": {
      "version": "1.0.0",
      "resolved": "https://artifactory-cwfr1.rd.francetelecom.fr:443/artifactory/api/npm/npm-virt-orange-project-devops/file-uri-to-path/-/file-uri-to-path-1.0.0.tgz",
      "integrity": "sha1-VTp7hEb/b2hDWcRF8eN6BdrMM90="
    },
    "install": {
      "version": "0.13.0",
      "resolved": "https://registry.npmjs.org/install/-/install-0.13.0.tgz",
      "integrity": "sha512-zDml/jzr2PKU9I8J/xyZBQn8rPCAY//UOYNmR01XwNwyfhEWObo2SWfSl1+0tm1u6PhxLwDnfsT/6jB7OUxqFA=="
    },
    "nan": {
      "version": "2.14.1",
      "resolved": "https://artifactory-cwfr1.rd.francetelecom.fr:443/artifactory/api/npm/npm-virt-orange-project-devops/nan/-/nan-2.14.1.tgz",
      "integrity": "sha1-174036MQW5FJTDFHCJMV7/iHSwE="
    }
  }
}
